// !$*UTF8*$!
{
	archiveVersion = 1;
	classes = {
	};
	objectVersion = 50;
	objects = {

/* Begin PBXBuildFile section */
		75550DED20A16F6400BB3E37 /* ConcentrationThemeChooserViewController.swift in Sources */ = {isa = PBXBuildFile; fileRef = 75550DEC20A16F6400BB3E37 /* ConcentrationThemeChooserViewController.swift */; };
		75DAC92920793B3A00740417 /* AppDelegate.swift in Sources */ = {isa = PBXBuildFile; fileRef = 75DAC92820793B3A00740417 /* AppDelegate.swift */; };
		75DAC92B20793B3A00740417 /* ConcentrationViewController.swift in Sources */ = {isa = PBXBuildFile; fileRef = 75DAC92A20793B3A00740417 /* ConcentrationViewController.swift */; };
		75DAC92E20793B3A00740417 /* Main.storyboard in Resources */ = {isa = PBXBuildFile; fileRef = 75DAC92C20793B3A00740417 /* Main.storyboard */; };
		75DAC93020793B3C00740417 /* Assets.xcassets in Resources */ = {isa = PBXBuildFile; fileRef = 75DAC92F20793B3C00740417 /* Assets.xcassets */; };
		75DAC93320793B3C00740417 /* LaunchScreen.storyboard in Resources */ = {isa = PBXBuildFile; fileRef = 75DAC93120793B3C00740417 /* LaunchScreen.storyboard */; };
		75DAC93C20795B2A00740417 /* Concentration.swift in Sources */ = {isa = PBXBuildFile; fileRef = 75DAC93B20795B2A00740417 /* Concentration.swift */; };
		75DAC93E20795BDF00740417 /* ConcentrationCard.swift in Sources */ = {isa = PBXBuildFile; fileRef = 75DAC93D20795BDF00740417 /* ConcentrationCard.swift */; };
		75DAC9402079710A00740417 /* ConcentrationTheme.swift in Sources */ = {isa = PBXBuildFile; fileRef = 75DAC93F2079710A00740417 /* ConcentrationTheme.swift */; };
/* End PBXBuildFile section */

/* Begin PBXFileReference section */
		75550DEC20A16F6400BB3E37 /* ConcentrationThemeChooserViewController.swift */ = {isa = PBXFileReference; lastKnownFileType = sourcecode.swift; path = ConcentrationThemeChooserViewController.swift; sourceTree = "<group>"; };
		75DAC92520793B3A00740417 /* Concentration.app */ = {isa = PBXFileReference; explicitFileType = wrapper.application; includeInIndex = 0; path = Concentration.app; sourceTree = BUILT_PRODUCTS_DIR; };
		75DAC92820793B3A00740417 /* AppDelegate.swift */ = {isa = PBXFileReference; lastKnownFileType = sourcecode.swift; path = AppDelegate.swift; sourceTree = "<group>"; };
		75DAC92A20793B3A00740417 /* ConcentrationViewController.swift */ = {isa = PBXFileReference; lastKnownFileType = sourcecode.swift; path = ConcentrationViewController.swift; sourceTree = "<group>"; };
		75DAC92D20793B3A00740417 /* Base */ = {isa = PBXFileReference; lastKnownFileType = file.storyboard; name = Base; path = Base.lproj/Main.storyboard; sourceTree = "<group>"; };
		75DAC92F20793B3C00740417 /* Assets.xcassets */ = {isa = PBXFileReference; lastKnownFileType = folder.assetcatalog; path = Assets.xcassets; sourceTree = "<group>"; };
		75DAC93220793B3C00740417 /* Base */ = {isa = PBXFileReference; lastKnownFileType = file.storyboard; name = Base; path = Base.lproj/LaunchScreen.storyboard; sourceTree = "<group>"; };
		75DAC93420793B3C00740417 /* Info.plist */ = {isa = PBXFileReference; lastKnownFileType = text.plist.xml; path = Info.plist; sourceTree = "<group>"; };
		75DAC93B20795B2A00740417 /* Concentration.swift */ = {isa = PBXFileReference; lastKnownFileType = sourcecode.swift; path = Concentration.swift; sourceTree = "<group>"; };
		75DAC93D20795BDF00740417 /* ConcentrationCard.swift */ = {isa = PBXFileReference; lastKnownFileType = sourcecode.swift; path = ConcentrationCard.swift; sourceTree = "<group>"; };
		75DAC93F2079710A00740417 /* ConcentrationTheme.swift */ = {isa = PBXFileReference; lastKnownFileType = sourcecode.swift; path = ConcentrationTheme.swift; sourceTree = "<group>"; };
/* End PBXFileReference section */

/* Begin PBXFrameworksBuildPhase section */
		75DAC92220793B3A00740417 /* Frameworks */ = {
			isa = PBXFrameworksBuildPhase;
			buildActionMask = 2147483647;
			files = (
			);
			runOnlyForDeploymentPostprocessing = 0;
		};
/* End PBXFrameworksBuildPhase section */

/* Begin PBXGroup section */
		75DAC91C20793B3A00740417 = {
			isa = PBXGroup;
			children = (
				75DAC92720793B3A00740417 /* Concentration */,
				75DAC92620793B3A00740417 /* Products */,
			);
			sourceTree = "<group>";
		};
		75DAC92620793B3A00740417 /* Products */ = {
			isa = PBXGroup;
			children = (
				75DAC92520793B3A00740417 /* Concentration.app */,
			);
			name = Products;
			sourceTree = "<group>";
		};
		75DAC92720793B3A00740417 /* Concentration */ = {
			isa = PBXGroup;
			children = (
				75DAC92A20793B3A00740417 /* ConcentrationViewController.swift */,
				75DAC93B20795B2A00740417 /* Concentration.swift */,
				75DAC93D20795BDF00740417 /* ConcentrationCard.swift */,
				75DAC93F2079710A00740417 /* ConcentrationTheme.swift */,
				75550DEC20A16F6400BB3E37 /* ConcentrationThemeChooserViewController.swift */,
				75DAC93A20793C6600740417 /* Supporting Files */,
				75DAC92C20793B3A00740417 /* Main.storyboard */,
				75DAC93420793B3C00740417 /* Info.plist */,
			);
			path = Concentration;
			sourceTree = "<group>";
		};
		75DAC93A20793C6600740417 /* Supporting Files */ = {
			isa = PBXGroup;
			children = (
				75DAC92820793B3A00740417 /* AppDelegate.swift */,
				75DAC92F20793B3C00740417 /* Assets.xcassets */,
				75DAC93120793B3C00740417 /* LaunchScreen.storyboard */,
			);
			path = "Supporting Files";
			sourceTree = "<group>";
		};
/* End PBXGroup section */

/* Begin PBXNativeTarget section */
		75DAC92420793B3A00740417 /* Concentration */ = {
			isa = PBXNativeTarget;
			buildConfigurationList = 75DAC93720793B3C00740417 /* Build configuration list for PBXNativeTarget "Concentration" */;
			buildPhases = (
				75DAC92120793B3A00740417 /* Sources */,
				75DAC92220793B3A00740417 /* Frameworks */,
				75DAC92320793B3A00740417 /* Resources */,
			);
			buildRules = (
			);
			dependencies = (
			);
			name = Concentration;
			productName = Concentration;
			productReference = 75DAC92520793B3A00740417 /* Concentration.app */;
			productType = "com.apple.product-type.application";
		};
/* End PBXNativeTarget section */

/* Begin PBXProject section */
		75DAC91D20793B3A00740417 /* Project object */ = {
			isa = PBXProject;
			attributes = {
				LastSwiftUpdateCheck = 0930;
				LastUpgradeCheck = 0930;
				ORGANIZATIONNAME = "Olivia Brown";
				TargetAttributes = {
					75DAC92420793B3A00740417 = {
						CreatedOnToolsVersion = 9.3;
					};
				};
			};
			buildConfigurationList = 75DAC92020793B3A00740417 /* Build configuration list for PBXProject "Concentration" */;
			compatibilityVersion = "Xcode 9.3";
			developmentRegion = en;
			hasScannedForEncodings = 0;
			knownRegions = (
				en,
				Base,
			);
			mainGroup = 75DAC91C20793B3A00740417;
			productRefGroup = 75DAC92620793B3A00740417 /* Products */;
			projectDirPath = "";
			projectRoot = "";
			targets = (
				75DAC92420793B3A00740417 /* Concentration */,
			);
		};
/* End PBXProject section */

/* Begin PBXResourcesBuildPhase section */
		75DAC92320793B3A00740417 /* Resources */ = {
			isa = PBXResourcesBuildPhase;
			buildActionMask = 2147483647;
			files = (
				75DAC93320793B3C00740417 /* LaunchScreen.storyboard in Resources */,
				75DAC93020793B3C00740417 /* Assets.xcassets in Resources */,
				75DAC92E20793B3A00740417 /* Main.storyboard in Resources */,
			);
			runOnlyForDeploymentPostprocessing = 0;
		};
/* End PBXResourcesBuildPhase section */

/* Begin PBXSourcesBuildPhase section */
		75DAC92120793B3A00740417 /* Sources */ = {
			isa = PBXSourcesBuildPhase;
			buildActionMask = 2147483647;
			files = (
				75DAC92B20793B3A00740417 /* ConcentrationViewController.swift in Sources */,
				75DAC92920793B3A00740417 /* AppDelegate.swift in Sources */,
				75DAC9402079710A00740417 /* ConcentrationTheme.swift in Sources */,
				75DAC93C20795B2A00740417 /* Concentration.swift in Sources */,
				75550DED20A16F6400BB3E37 /* ConcentrationThemeChooserViewController.swift in Sources */,
				75DAC93E20795BDF00740417 /* ConcentrationCard.swift in Sources */,
			);
			runOnlyForDeploymentPostprocessing = 0;
		};
/* End PBXSourcesBuildPhase section */

/* Begin PBXVariantGroup section */
		75DAC92C20793B3A00740417 /* Main.storyboard */ = {
			isa = PBXVariantGroup;
			children = (
				75DAC92D20793B3A00740417 /* Base */,
			);
			name = Main.storyboard;
			sourceTree = "<group>";
		};
		75DAC93120793B3C00740417 /* LaunchScreen.storyboard */ = {
			isa = PBXVariantGroup;
			children = (
				75DAC93220793B3C00740417 /* Base */,
			);
			name = LaunchScreen.storyboard;
			sourceTree = "<group>";
		};
/* End PBXVariantGroup section */

/* Begin XCBuildConfiguration section */
		75DAC93520793B3C00740417 /* Debug */ = {
			isa = XCBuildConfiguration;
			buildSettings = {
				ALWAYS_SEARCH_USER_PATHS = NO;
				CLANG_ANALYZER_NONNULL = YES;
				CLANG_ANALYZER_NUMBER_OBJECT_CONVERSION = YES_AGGRESSIVE;
				CLANG_CXX_LANGUAGE_STANDARD = "gnu++14";
				CLANG_CXX_LIBRARY = "libc++";
				CLANG_ENABLE_MODULES = YES;
				CLANG_ENABLE_OBJC_ARC = YES;
				CLANG_ENABLE_OBJC_WEAK = YES;
				CLANG_WARN_BLOCK_CAPTURE_AUTORELEASING = YES;
				CLANG_WARN_BOOL_CONVERSION = YES;
				CLANG_WARN_COMMA = YES;
				CLANG_WARN_CONSTANT_CONVERSION = YES;
				CLANG_WARN_DEPRECATED_OBJC_IMPLEMENTATIONS = YES;
				CLANG_WARN_DIRECT_OBJC_ISA_USAGE = YES_ERROR;
				CLANG_WARN_DOCUMENTATION_COMMENTS = YES;
				CLANG_WARN_EMPTY_BODY = YES;
				CLANG_WARN_ENUM_CONVERSION = YES;
				CLANG_WARN_INFINITE_RECURSION = YES;
				CLANG_WARN_INT_CONVERSION = YES;
				CLANG_WARN_NON_LITERAL_NULL_CONVERSION = YES;
				CLANG_WARN_OBJC_IMPLICIT_RETAIN_SELF = YES;
				CLANG_WARN_OBJC_LITERAL_CONVERSION = YES;
				CLANG_WARN_OBJC_ROOT_CLASS = YES_ERROR;
				CLANG_WARN_RANGE_LOOP_ANALYSIS = YES;
				CLANG_WARN_STRICT_PROTOTYPES = YES;
				CLANG_WARN_SUSPICIOUS_MOVE = YES;
				CLANG_WARN_UNGUARDED_AVAILABILITY = YES_AGGRESSIVE;
				CLANG_WARN_UNREACHABLE_CODE = YES;
				CLANG_WARN__DUPLICATE_METHOD_MATCH = YES;
				CODE_SIGN_IDENTITY = "iPhone Developer";
				COPY_PHASE_STRIP = NO;
				DEBUG_INFORMATION_FORMAT = dwarf;
				ENABLE_STRICT_OBJC_MSGSEND = YES;
				ENABLE_TESTABILITY = YES;
				GCC_C_LANGUAGE_STANDARD = gnu11;
				GCC_DYNAMIC_NO_PIC = NO;
				GCC_NO_COMMON_BLOCKS = YES;
				GCC_OPTIMIZATION_LEVEL = 0;
				GCC_PREPROCESSOR_DEFINITIONS = (
					"DEBUG=1",
					"$(inherited)",
				);
				GCC_WARN_64_TO_32_BIT_CONVERSION = YES;
				GCC_WARN_ABOUT_RETURN_TYPE = YES_ERROR;
				GCC_WARN_UNDECLARED_SELECTOR = YES;
				GCC_WARN_UNINITIALIZED_AUTOS = YES_AGGRESSIVE;
				GCC_WARN_UNUSED_FUNCTION = YES;
				GCC_WARN_UNUSED_VARIABLE = YES;
				IPHONEOS_DEPLOYMENT_TARGET = 11.3;
				MTL_ENABLE_DEBUG_INFO = YES;
				ONLY_ACTIVE_ARCH = YES;
				SDKROOT = iphoneos;
				SWIFT_ACTIVE_COMPILATION_CONDITIONS = DEBUG;
				SWIFT_OPTIMIZATION_LEVEL = "-Onone";
			};
			name = Debug;
		};
		75DAC93620793B3C00740417 /* Release */ = {
			isa = XCBuildConfiguration;
			buildSettings = {
				ALWAYS_SEARCH_USER_PATHS = NO;
				CLANG_ANALYZER_NONNULL = YES;
				CLANG_ANALYZER_NUMBER_OBJECT_CONVERSION = YES_AGGRESSIVE;
				CLANG_CXX_LANGUAGE_STANDARD = "gnu++14";
				CLANG_CXX_LIBRARY = "libc++";
				CLANG_ENABLE_MODULES = YES;
				CLANG_ENABLE_OBJC_ARC = YES;
				CLANG_ENABLE_OBJC_WEAK = YES;
				CLANG_WARN_BLOCK_CAPTURE_AUTORELEASING = YES;
				CLANG_WARN_BOOL_CONVERSION = YES;
				CLANG_WARN_COMMA = YES;
				CLANG_WARN_CONSTANT_CONVERSION = YES;
				CLANG_WARN_DEPRECATED_OBJC_IMPLEMENTATIONS = YES;
				CLANG_WARN_DIRECT_OBJC_ISA_USAGE = YES_ERROR;
				CLANG_WARN_DOCUMENTATION_COMMENTS = YES;
				CLANG_WARN_EMPTY_BODY = YES;
				CLANG_WARN_ENUM_CONVERSION = YES;
				CLANG_WARN_INFINITE_RECURSION = YES;
				CLANG_WARN_INT_CONVERSION = YES;
				CLANG_WARN_NON_LITERAL_NULL_CONVERSION = YES;
				CLANG_WARN_OBJC_IMPLICIT_RETAIN_SELF = YES;
				CLANG_WARN_OBJC_LITERAL_CONVERSION = YES;
				CLANG_WARN_OBJC_ROOT_CLASS = YES_ERROR;
				CLANG_WARN_RANGE_LOOP_ANALYSIS = YES;
				CLANG_WARN_STRICT_PROTOTYPES = YES;
				CLANG_WARN_SUSPICIOUS_MOVE = YES;
				CLANG_WARN_UNGUARDED_AVAILABILITY = YES_AGGRESSIVE;
				CLANG_WARN_UNREACHABLE_CODE = YES;
				CLANG_WARN__DUPLICATE_METHOD_MATCH = YES;
				CODE_SIGN_IDENTITY = "iPhone Developer";
				COPY_PHASE_STRIP = NO;
				DEBUG_INFORMATION_FORMAT = "dwarf-with-dsym";
				ENABLE_NS_ASSERTIONS = NO;
				ENABLE_STRICT_OBJC_MSGSEND = YES;
				GCC_C_LANGUAGE_STANDARD = gnu11;
				GCC_NO_COMMON_BLOCKS = YES;
				GCC_WARN_64_TO_32_BIT_CONVERSION = YES;
				GCC_WARN_ABOUT_RETURN_TYPE = YES_ERROR;
				GCC_WARN_UNDECLARED_SELECTOR = YES;
				GCC_WARN_UNINITIALIZED_AUTOS = YES_AGGRESSIVE;
				GCC_WARN_UNUSED_FUNCTION = YES;
				GCC_WARN_UNUSED_VARIABLE = YES;
				IPHONEOS_DEPLOYMENT_TARGET = 11.3;
				MTL_ENABLE_DEBUG_INFO = NO;
				SDKROOT = iphoneos;
				SWIFT_COMPILATION_MODE = wholemodule;
				SWIFT_OPTIMIZATION_LEVEL = "-O";
				VALIDATE_PRODUCT = YES;
			};
			name = Release;
		};
		75DAC93820793B3C00740417 /* Debug */ = {
			isa = XCBuildConfiguration;
			buildSettings = {
				ASSETCATALOG_COMPILER_APPICON_NAME = AppIcon;
				CODE_SIGN_STYLE = Automatic;
				DEVELOPMENT_TEAM = 8GEKYYW3CQ;
				INFOPLIST_FILE = Concentration/Info.plist;
				LD_RUNPATH_SEARCH_PATHS = (
					"$(inherited)",
					"@executable_path/Frameworks",
				);
				PRODUCT_BUNDLE_IDENTIFIER = edu.stanford.cs193p.olivia21.Concentration;
				PRODUCT_NAME = "$(TARGET_NAME)";
				SWIFT_VERSION = 4.0;
				TARGETED_DEVICE_FAMILY = "1,2";
			};
			name = Debug;
		};
		75DAC93920793B3C00740417 /* Release */ = {
			isa = XCBuildConfiguration;
			buildSettings = {
				ASSETCATALOG_COMPILER_APPICON_NAME = AppIcon;
				CODE_SIGN_STYLE = Automatic;
				DEVELOPMENT_TEAM = 8GEKYYW3CQ;
				INFOPLIST_FILE = Concentration/Info.plist;
				LD_RUNPATH_SEARCH_PATHS = (
					"$(inherited)",
					"@executable_path/Frameworks",
				);
				PRODUCT_BUNDLE_IDENTIFIER = edu.stanford.cs193p.olivia21.Concentration;
				PRODUCT_NAME = "$(TARGET_NAME)";
				SWIFT_VERSION = 4.0;
				TARGETED_DEVICE_FAMILY = "1,2";
			};
			name = Release;
		};
/* End XCBuildConfiguration section */

/* Begin XCConfigurationList section */
		75DAC92020793B3A00740417 /* Build configuration list for PBXProject "Concentration" */ = {
			isa = XCConfigurationList;
			buildConfigurations = (
				75DAC93520793B3C00740417 /* Debug */,
				75DAC93620793B3C00740417 /* Release */,
			);
			defaultConfigurationIsVisible = 0;
			defaultConfigurationName = Release;
		};
		75DAC93720793B3C00740417 /* Build configuration list for PBXNativeTarget "Concentration" */ = {
			isa = XCConfigurationList;
			buildConfigurations = (
				75DAC93820793B3C00740417 /* Debug */,
				75DAC93920793B3C00740417 /* Release */,
			);
			defaultConfigurationIsVisible = 0;
			defaultConfigurationName = Release;
		};
/* End XCConfigurationList section */
	};
	rootObject = 75DAC91D20793B3A00740417 /* Project object */;
}
